
Microsoft Visual Studio Solution File, Format Version 12.00
# Visual Studio 15
VisualStudioVersion = 15.0.28307.539
MinimumVisualStudioVersion = 10.0.40219.1
Project("{FAE04EC0-301F-11D3-BF4B-00C04F79EFBC}") = "login_and_registration", "login_and_registration\login_and_registration.csproj", "{DD7CE498-B26A-4C57-9A0F-9C681E3EEEEB}"
EndProject
Global
	GlobalSection(SolutionConfigurationPlatforms) = preSolution
		Debug|Any CPU = Debug|Any CPU
		Release|Any CPU = Release|Any CPU
	EndGlobalSection
	GlobalSection(ProjectConfigurationPlatforms) = postSolution
		{DD7CE498-B26A-4C57-9A0F-9C681E3EEEEB}.Debug|Any CPU.ActiveCfg = Debug|Any CPU
		{DD7CE498-B26A-4C57-9A0F-9C681E3EEEEB}.Debug|Any CPU.Build.0 = Debug|Any CPU
		{DD7CE498-B26A-4C57-9A0F-9C681E3EEEEB}.Release|Any CPU.ActiveCfg = Release|Any CPU
		{DD7CE498-B26A-4C57-9A0F-9C681E3EEEEB}.Release|Any CPU.Build.0 = Release|Any CPU
	EndGlobalSection
	GlobalSection(SolutionProperties) = preSolution
		HideSolutionNode = FALSE
	EndGlobalSection
	GlobalSection(ExtensibilityGlobals) = postSolution
		SolutionGuid = {6DAE6C9A-8993-4E9C-8338-E12564BD000A}
	EndGlobalSection
EndGlobal
